
Microsoft Visual Studio Solution File, Format Version 12.00
# Visual Studio Version 17
VisualStudioVersion = 17.14.36518.9
MinimumVisualStudioVersion = 10.0.40219.1
Project("{54A90642-561A-4BB1-A94E-469ADEE60C69}") = "Amply.client", "amply.client\Amply.client.esproj", "{7C5ABF49-1D6C-B9D5-2E50-8020F43DC506}"
EndProject
Project("{FAE04EC0-301F-11D3-BF4B-00C04F79EFBC}") = "Amply.Server", "Amply.Server\Amply.Server.csproj", "{F9FB8017-FAC8-467F-B5D6-751C5FBC90CE}"
EndProject
Global
	GlobalSection(SolutionConfigurationPlatforms) = preSolution
		Debug|Any CPU = Debug|Any CPU
		Release|Any CPU = Release|Any CPU
	EndGlobalSection
	GlobalSection(ProjectConfigurationPlatforms) = postSolution
		{7C5ABF49-1D6C-B9D5-2E50-8020F43DC506}.Debug|Any CPU.ActiveCfg = Debug|Any CPU
		{7C5ABF49-1D6C-B9D5-2E50-8020F43DC506}.Debug|Any CPU.Build.0 = Debug|Any CPU
		{7C5ABF49-1D6C-B9D5-2E50-8020F43DC506}.Debug|Any CPU.Deploy.0 = Debug|Any CPU
		{7C5ABF49-1D6C-B9D5-2E50-8020F43DC506}.Release|Any CPU.ActiveCfg = Release|Any CPU
		{7C5ABF49-1D6C-B9D5-2E50-8020F43DC506}.Release|Any CPU.Build.0 = Release|Any CPU
		{7C5ABF49-1D6C-B9D5-2E50-8020F43DC506}.Release|Any CPU.Deploy.0 = Release|Any CPU
		{F9FB8017-FAC8-467F-B5D6-751C5FBC90CE}.Debug|Any CPU.ActiveCfg = Debug|Any CPU
		{F9FB8017-FAC8-467F-B5D6-751C5FBC90CE}.Debug|Any CPU.Build.0 = Debug|Any CPU
		{F9FB8017-FAC8-467F-B5D6-751C5FBC90CE}.Release|Any CPU.ActiveCfg = Release|Any CPU
		{F9FB8017-FAC8-467F-B5D6-751C5FBC90CE}.Release|Any CPU.Build.0 = Release|Any CPU
	EndGlobalSection
	GlobalSection(SolutionProperties) = preSolution
		HideSolutionNode = FALSE
	EndGlobalSection
	GlobalSection(ExtensibilityGlobals) = postSolution
		SolutionGuid = {8A58B30E-58E9-42EF-BC9E-8E475DF82524}
	EndGlobalSection
EndGlobal
